# This file is generated by running "yarn install" inside your project.
# Manual changes might be lost - proceed with caution!

__metadata:
  version: 10
  cacheKey: 10

"@babel/runtime@npm:^7.21.0":
  version: 7.23.8
  resolution: "@babel/runtime@npm:7.23.8"
  dependencies:
    regenerator-runtime: "npm:^0.14.0"
  checksum: 10/ec8f1967a36164da6cac868533ffdff97badd76d23d7d820cc84f0818864accef972f22f9c6a710185db1e3810e353fc18c3da721e5bb3ee8bc61bdbabce03ff
  languageName: node
  linkType: hard

"@tsconfig/node20@npm:^20.1.2":
  version: 20.1.2
  resolution: "@tsconfig/node20@npm:20.1.2"
  checksum: 10/fc126e15f0817bd328c15bd6be7972f01ef4d55ceb493c7a83ccb9dd545e39f218711f330e3df4072b116b11180c07943da2b2bfcd7adc58414cb586db52a4c8
  languageName: node
  linkType: hard

"@types/node@npm:^20.11.0":
  version: 20.11.0
  resolution: "@types/node@npm:20.11.0"
  dependencies:
    undici-types: "npm:~5.26.4"
  checksum: 10/8da60a8ccb65181c3d6f7686ddc5f1b1616cafa14d9e520a866adff82c17cc99336a78dd7ce7bee8f54e2332946f678b0e3aa377fbaaf751d3c05b64600872c6
  languageName: node
  linkType: hard

"@types/yargs-parser@npm:*":
  version: 21.0.3
  resolution: "@types/yargs-parser@npm:21.0.3"
  checksum: 10/a794eb750e8ebc6273a51b12a0002de41343ffe46befef460bdbb57262d187fdf608bc6615b7b11c462c63c3ceb70abe2564c8dd8ee0f7628f38a314f74a9b9b
  languageName: node
  linkType: hard

"@types/yargs@npm:^17.0.35":
  version: 17.0.35
  resolution: "@types/yargs@npm:17.0.35"
  dependencies:
    "@types/yargs-parser": "npm:*"
  checksum: 10/47bcd4476a4194ea11617ea71cba8a1eddf5505fc39c44336c1a08d452a0de4486aedbc13f47a017c8efbcb5a8aa358d976880663732ebcbc6dbcbbecadb0581
  languageName: node
  linkType: hard

"ansi-regex@npm:^6.2.2":
  version: 6.3.0
  resolution: "ansi-regex@npm:6.3.0"
  checksum: 10/85e15deee80d6e52e75864897b6f7b8a8cfc5befe1868f03e3b6bf8925b9b667cf67d4aeafc6d038398f2f11c3813e7b40ad79affdd29a9c491b3585bfa125d5
  languageName: node
  linkType: hard

"ansi-styles@npm:^6.2.1":
  version: 6.2.3
  resolution: "ansi-styles@npm:6.2.3"
  checksum: 10/c49dad7639f3e48859bd51824c93b9eb0db628afc243c51c3dd2410c4a15ede1a83881c6c7341aa2b159c4f90c11befb38f2ba848c07c66c9f9de4bcd7cb9f30
  languageName: node
  linkType: hard

"cliui@npm:^9.0.1":
  version: 9.0.1
  resolution: "cliui@npm:9.0.1"
  dependencies:
    string-width: "npm:^7.2.0"
    strip-ansi: "npm:^7.1.0"
    wrap-ansi: "npm:^9.0.0"
  checksum: 10/df43d8d1c6e3254cbb64b1905310d5f6672c595496a3cbe76946c6d24777136886470686f2772ac9edfe547a74bb70e8017530b3554715aee119efd7752fc0d9
  languageName: node
  linkType: hard

"date-fns-tz@npm:^2.0.0":
  version: 2.0.0
  resolution: "date-fns-tz@npm:2.0.0"
  peerDependencies:
    date-fns: ">=2.0.0"
  checksum: 10/31ff66d49fc54ff7e3521297ed5e792d1edb51be0afb83a8aab0493154fbe654b72c6ba8e5c4ca12e845957781a24904afdcd48060aba9fe86ad04a5a36793a0
  languageName: node
  linkType: hard

"date-fns@npm:^2":
  version: 2.30.0
  resolution: "date-fns@npm:2.30.0"
  dependencies:
    "@babel/runtime": "npm:^7.21.0"
  checksum: 10/70b3e8ea7aaaaeaa2cd80bd889622a4bcb5d8028b4de9162cbcda359db06e16ff6e9309e54eead5341e71031818497f19aaf9839c87d1aba1e27bb4796e758a9
  languageName: node
  linkType: hard

"emoji-regex@npm:^10.3.0":
  version: 10.6.0
  resolution: "emoji-regex@npm:10.6.0"
  checksum: 10/98cc0b0e1daed1ed25afbf69dcb921fee00f712f51aab93aa1547e4e4e8171725cc4f0098aaa645b4f611a19da11ec9f4623eb6ff2b72314b39a8f2ae7c12bf2
  languageName: node
  linkType: hard

"escalade@npm:^3.1.1":
  version: 3.1.1
  resolution: "escalade@npm:3.1.1"
  checksum: 10/afa618e73362576b63f6ca83c975456621095a1ed42ff068174e3f5cea48afc422814dda548c96e6ebb5333e7265140c7292abcc81bbd6ccb1757d50d3a4e182
  languageName: node
  linkType: hard

"get-caller-file@npm:^2.0.5":
  version: 2.0.5
  resolution: "get-caller-file@npm:2.0.5"
  checksum: 10/b9769a836d2a98c3ee734a88ba712e62703f1df31b94b784762c433c27a386dd6029ff55c2a920c392e33657d80191edbf18c61487e198844844516f843496b9
  languageName: node
  linkType: hard

"get-east-asian-width@npm:^1.0.0, get-east-asian-width@npm:^1.5.0":
  version: 1.6.0
  resolution: "get-east-asian-width@npm:1.6.0"
  checksum: 10/3e5370b5df1f0020db711d8a3f9ee2cbfc9c7542daa99a699e9d7b9acf66e7868b89084741565a45d30d80afedf6e1218e0fb8bef7a583924a449c2816777380
  languageName: node
  linkType: hard

"parse-diff@npm:0.11.1":
  version: 0.11.1
  resolution: "parse-diff@npm:0.11.1"
  checksum: 10/89f79f944544816c3a21ccf798ef950953c3fd4b0f15bfed2d204aaf9a43e26a18cbe817d81233c13b46587e2405bd0f2c779963c195aa14d052948729c4896c
  languageName: node
  linkType: hard

"prettier@npm:^3.9.6":
  version: 3.9.6
  resolution: "prettier@npm:3.9.6"
  bin:
    prettier: bin/prettier.cjs
  checksum: 10/1dd1a1e0e40ec3b91cda9d294c4a95022aef61880ca3f441aad99b1252279f58a766c4cece81132c01550dcff1fd445efbd8812ea4a2374313e7fc6c8136f11f
  languageName: node
  linkType: hard

"regenerator-runtime@npm:^0.14.0":
  version: 0.14.1
  resolution: "regenerator-runtime@npm:0.14.1"
  checksum: 10/5db3161abb311eef8c45bcf6565f4f378f785900ed3945acf740a9888c792f75b98ecb77f0775f3bf95502ff423529d23e94f41d80c8256e8fa05ed4b07cf471
  languageName: node
  linkType: hard

"string-width@npm:^7.0.0, string-width@npm:^7.2.0":
  version: 7.2.0
  resolution: "string-width@npm:7.2.0"
  dependencies:
    emoji-regex: "npm:^10.3.0"
    get-east-asian-width: "npm:^1.0.0"
    strip-ansi: "npm:^7.1.0"
  checksum: 10/42f9e82f61314904a81393f6ef75b832c39f39761797250de68c041d8ba4df2ef80db49ab6cd3a292923a6f0f409b8c9980d120f7d32c820b4a8a84a2598a295
  languageName: node
  linkType: hard

"string-width@npm:^8.2.1":
  version: 8.2.2
  resolution: "string-width@npm:8.2.2"
  dependencies:
    get-east-asian-width: "npm:^1.5.0"
    strip-ansi: "npm:^7.1.2"
  checksum: 10/18da8c8e5247bedd8a379272b9fccebd16ec22132486344a4a5bf3bd2acf4b12fda9b2be9192eba59c5dc1484f2d36dbfb5fd5e66950fe7167fa00876078196f
  languageName: node
  linkType: hard

"strip-ansi@npm:^7.1.0, strip-ansi@npm:^7.1.2":
  version: 7.2.0
  resolution: "strip-ansi@npm:7.2.0"
  dependencies:
    ansi-regex: "npm:^6.2.2"
  checksum: 10/96da3bc6d73cfba1218625a3d66cf7d37a69bf0920d8735b28f9eeaafcdb6c1fe8440e1ae9eb1ba0ca355dbe8702da872e105e2e939fa93e7851b3cb5dd7d316
  languageName: node
  linkType: hard

"typescript@npm:^5.3.3":
  version: 5.3.3
  resolution: "typescript@npm:5.3.3"
  bin:
    tsc: bin/tsc
    tsserver: bin/tsserver
  checksum: 10/6e4e6a14a50c222b3d14d4ea2f729e79f972fa536ac1522b91202a9a65af3605c2928c4a790a4a50aa13694d461c479ba92cedaeb1e7b190aadaa4e4b96b8e18
  languageName: node
  linkType: hard

"typescript@patch:typescript@npm%3A^5.3.3#optional!builtin<compat/typescript>":
  version: 5.3.3
  resolution: "typescript@patch:typescript@npm%3A5.3.3#optional!builtin<compat/typescript>::version=5.3.3&hash=e012d7"
  bin:
    tsc: bin/tsc
    tsserver: bin/tsserver
  checksum: 10/c93786fcc9a70718ba1e3819bab56064ead5817004d1b8186f8ca66165f3a2d0100fee91fa64c840dcd45f994ca5d615d8e1f566d39a7470fc1e014dbb4cf15d
  languageName: node
  linkType: hard

"undici-types@npm:~5.26.4":
  version: 5.26.5
  resolution: "undici-types@npm:5.26.5"
  checksum: 10/0097779d94bc0fd26f0418b3a05472410408877279141ded2bd449167be1aed7ea5b76f756562cb3586a07f251b90799bab22d9019ceba49c037c76445f7cddd
  languageName: node
  linkType: hard

"wgutils@workspace:.":
  version: 0.0.0-use.local
  resolution: "wgutils@workspace:."
  dependencies:
    "@tsconfig/node20": "npm:^20.1.2"
    "@types/node": "npm:^20.11.0"
    "@types/yargs": "npm:^17.0.35"
    date-fns: "npm:^2"
    date-fns-tz: "npm:^2.0.0"
    parse-diff: "npm:0.11.1"
    prettier: "npm:^3.9.6"
    typescript: "npm:^5.3.3"
    yargs: "npm:^18.1.0"
    zod: "npm:^3.22.4"
  bin:
    wgutils: dist/cli.js
  languageName: unknown
  linkType: soft

"wrap-ansi@npm:^9.0.0":
  version: 9.0.2
  resolution: "wrap-ansi@npm:9.0.2"
  dependencies:
    ansi-styles: "npm:^6.2.1"
    string-width: "npm:^7.0.0"
    strip-ansi: "npm:^7.1.0"
  checksum: 10/f3907e1ea9717404ca53a338fa5a017c2121550c3a5305180e2bc08c03e21aa45068df55b0d7676bf57be1880ba51a84458c17241ebedea485fafa9ef16b4024
  languageName: node
  linkType: hard

"y18n@npm:^5.0.5":
  version: 5.0.8
  resolution: "y18n@npm:5.0.8"
  checksum: 10/5f1b5f95e3775de4514edbb142398a2c37849ccfaf04a015be5d75521e9629d3be29bd4432d23c57f37e5b61ade592fb0197022e9993f81a06a5afbdcda9346d
  languageName: node
  linkType: hard

"yargs-parser@npm:^22.0.0":
  version: 22.0.0
  resolution: "yargs-parser@npm:22.0.0"
  checksum: 10/f13c42bad6ebed1a587a72f2db5694f5fa772bcaf409a701691d13cf74eb5adfcf61a2611de08807e319b829d3e5e6e1578b16ebe174cae8e8be3bf7b8e7a19e
  languageName: node
  linkType: hard

"yargs@npm:^18.1.0":
  version: 18.1.0
  resolution: "yargs@npm:18.1.0"
  dependencies:
    cliui: "npm:^9.0.1"
    escalade: "npm:^3.1.1"
    get-caller-file: "npm:^2.0.5"
    string-width: "npm:^8.2.1"
    y18n: "npm:^5.0.5"
    yargs-parser: "npm:^22.0.0"
  checksum: 10/b26d477c3f62b0a031d8f3fea16325e286375e6039e5fca5efb1ec1d64eab3cfe136edb2887e4f2e2c9a5e004d0eca735079ea0be4ca34273c6e949639c6177b
  languageName: node
  linkType: hard

"zod@npm:^3.22.4":
  version: 3.22.4
  resolution: "zod@npm:3.22.4"
  checksum: 10/73622ca36a916f785cf528fe612a884b3e0f183dbe6b33365a7d0fc92abdbedf7804c5e2bd8df0a278e1472106d46674281397a3dd800fa9031dc3429758c6ac
  languageName: node
  linkType: hard
