# This file is generated by running "yarn install" inside your project.
# Manual changes might be lost - proceed with caution!

__metadata:
  version: 10
  cacheKey: 10

"@babel/runtime@npm:^7.21.0":
  version: 7.23.8
  resolution: "@babel/runtime@npm:7.23.8"
  dependencies:
    regenerator-runtime: "npm:^0.14.0"
  checksum: 10/ec8f1967a36164da6cac868533ffdff97badd76d23d7d820cc84f0818864accef972f22f9c6a710185db1e3810e353fc18c3da721e5bb3ee8bc61bdbabce03ff
  languageName: node
  linkType: hard

"@tsconfig/node-ts@npm:^23.6.4":
  version: 23.6.4
  resolution: "@tsconfig/node-ts@npm:23.6.4"
  checksum: 10/58fc52050dab319fe26ba9a69294af3d80cf38e2fd2f08c714d7a5b226b8b3d893277752423fee8e233d2933bd5b7c5ef6365127a6be2458d331acbf2a2ef64a
  languageName: node
  linkType: hard

"@tsconfig/node24@npm:^24.0.5":
  version: 24.0.5
  resolution: "@tsconfig/node24@npm:24.0.5"
  checksum: 10/d7b57e0a2065d00b219119746e668016a15547fac5a9c3ac766d0913b543b937dc69d6c9fa703ed32ab559a4bb5f87438fea3cdc0eee96f0bf14adff0829cb77
  languageName: node
  linkType: hard

"@types/debug@npm:^4.0.0":
  version: 4.1.13
  resolution: "@types/debug@npm:4.1.13"
  dependencies:
    "@types/ms": "npm:*"
  checksum: 10/5091d4ebda85236e6f4a6ecea552860e521e11d1d388d3f6255b40726f5a4a7cf1baa0d09f60853838e4cac6c12a13b14114d5f422ccecaee4d1d07dab349900
  languageName: node
  linkType: hard

"@types/mdast@npm:^4.0.0":
  version: 4.0.4
  resolution: "@types/mdast@npm:4.0.4"
  dependencies:
    "@types/unist": "npm:*"
  checksum: 10/efe3ec11b9ee0015a396c4fb4cd1b6f31b51b8ae9783c59560e6fc0bf6c2fa1dcc7fccaf45fa09a6c8b3397fab9dc8d431433935cae3835caa70a18f7fc775f8
  languageName: node
  linkType: hard

"@types/ms@npm:*":
  version: 2.1.0
  resolution: "@types/ms@npm:2.1.0"
  checksum: 10/532d2ebb91937ccc4a89389715e5b47d4c66e708d15942fe6cc25add6dc37b2be058230a327dd50f43f89b8b6d5d52b74685a9e8f70516edfc9bdd6be910eff4
  languageName: node
  linkType: hard

"@types/node@npm:^20.11.0":
  version: 20.11.0
  resolution: "@types/node@npm:20.11.0"
  dependencies:
    undici-types: "npm:~5.26.4"
  checksum: 10/8da60a8ccb65181c3d6f7686ddc5f1b1616cafa14d9e520a866adff82c17cc99336a78dd7ce7bee8f54e2332946f678b0e3aa377fbaaf751d3c05b64600872c6
  languageName: node
  linkType: hard

"@types/unist@npm:*, @types/unist@npm:^3.0.0":
  version: 3.0.3
  resolution: "@types/unist@npm:3.0.3"
  checksum: 10/96e6453da9e075aaef1dc22482463898198acdc1eeb99b465e65e34303e2ec1e3b1ed4469a9118275ec284dc98019f63c3f5d49422f0e4ac707e5ab90fb3b71a
  languageName: node
  linkType: hard

"@types/yargs-parser@npm:*":
  version: 21.0.3
  resolution: "@types/yargs-parser@npm:21.0.3"
  checksum: 10/a794eb750e8ebc6273a51b12a0002de41343ffe46befef460bdbb57262d187fdf608bc6615b7b11c462c63c3ceb70abe2564c8dd8ee0f7628f38a314f74a9b9b
  languageName: node
  linkType: hard

"@types/yargs@npm:^17.0.35":
  version: 17.0.35
  resolution: "@types/yargs@npm:17.0.35"
  dependencies:
    "@types/yargs-parser": "npm:*"
  checksum: 10/47bcd4476a4194ea11617ea71cba8a1eddf5505fc39c44336c1a08d452a0de4486aedbc13f47a017c8efbcb5a8aa358d976880663732ebcbc6dbcbbecadb0581
  languageName: node
  linkType: hard

"ansi-regex@npm:^6.2.2":
  version: 6.3.0
  resolution: "ansi-regex@npm:6.3.0"
  checksum: 10/85e15deee80d6e52e75864897b6f7b8a8cfc5befe1868f03e3b6bf8925b9b667cf67d4aeafc6d038398f2f11c3813e7b40ad79affdd29a9c491b3585bfa125d5
  languageName: node
  linkType: hard

"ansi-styles@npm:^6.2.1":
  version: 6.2.3
  resolution: "ansi-styles@npm:6.2.3"
  checksum: 10/c49dad7639f3e48859bd51824c93b9eb0db628afc243c51c3dd2410c4a15ede1a83881c6c7341aa2b159c4f90c11befb38f2ba848c07c66c9f9de4bcd7cb9f30
  languageName: node
  linkType: hard

"bail@npm:^2.0.0":
  version: 2.0.2
  resolution: "bail@npm:2.0.2"
  checksum: 10/aab4e8ccdc8d762bf3fdfce8e706601695620c0c2eda256dd85088dc0be3cfd7ff126f6e99c2bee1f24f5d418414aacf09d7f9702f16d6963df2fa488cda8824
  languageName: node
  linkType: hard

"ccount@npm:^2.0.0":
  version: 2.0.1
  resolution: "ccount@npm:2.0.1"
  checksum: 10/48193dada54c9e260e0acf57fc16171a225305548f9ad20d5471e0f7a8c026aedd8747091dccb0d900cde7df4e4ddbd235df0d8de4a64c71b12f0d3303eeafd4
  languageName: node
  linkType: hard

"character-entities@npm:^2.0.0":
  version: 2.0.2
  resolution: "character-entities@npm:2.0.2"
  checksum: 10/c8dd1f4bf1a92fccf7d2fad9673660a88b37854557d30f6076c32fedfb92d1420208298829ff1d3b6b4fa1c7012e8326c45e7f5c3ed1e9a09ec177593c521b2f
  languageName: node
  linkType: hard

"cliui@npm:^9.0.1":
  version: 9.0.1
  resolution: "cliui@npm:9.0.1"
  dependencies:
    string-width: "npm:^7.2.0"
    strip-ansi: "npm:^7.1.0"
    wrap-ansi: "npm:^9.0.0"
  checksum: 10/df43d8d1c6e3254cbb64b1905310d5f6672c595496a3cbe76946c6d24777136886470686f2772ac9edfe547a74bb70e8017530b3554715aee119efd7752fc0d9
  languageName: node
  linkType: hard

"date-fns-tz@npm:^2.0.0":
  version: 2.0.0
  resolution: "date-fns-tz@npm:2.0.0"
  peerDependencies:
    date-fns: ">=2.0.0"
  checksum: 10/31ff66d49fc54ff7e3521297ed5e792d1edb51be0afb83a8aab0493154fbe654b72c6ba8e5c4ca12e845957781a24904afdcd48060aba9fe86ad04a5a36793a0
  languageName: node
  linkType: hard

"date-fns@npm:^2":
  version: 2.30.0
  resolution: "date-fns@npm:2.30.0"
  dependencies:
    "@babel/runtime": "npm:^7.21.0"
  checksum: 10/70b3e8ea7aaaaeaa2cd80bd889622a4bcb5d8028b4de9162cbcda359db06e16ff6e9309e54eead5341e71031818497f19aaf9839c87d1aba1e27bb4796e758a9
  languageName: node
  linkType: hard

"debug@npm:^4.0.0":
  version: 4.4.3
  resolution: "debug@npm:4.4.3"
  dependencies:
    ms: "npm:^2.1.3"
  peerDependenciesMeta:
    supports-color:
      optional: true
  checksum: 10/9ada3434ea2993800bd9a1e320bd4aa7af69659fb51cca685d390949434bc0a8873c21ed7c9b852af6f2455a55c6d050aa3937d52b3c69f796dab666f762acad
  languageName: node
  linkType: hard

"decode-named-character-reference@npm:^1.0.0":
  version: 1.3.0
  resolution: "decode-named-character-reference@npm:1.3.0"
  dependencies:
    character-entities: "npm:^2.0.0"
  checksum: 10/82eb1208abf59d1f1e368285b6880201a3c3f147a4d7ce74e44cd41374ef00c9a376e8595e38002031db63291f91f7f3ff56b9724f715befff8f5566593d6de0
  languageName: node
  linkType: hard

"dequal@npm:^2.0.0":
  version: 2.0.3
  resolution: "dequal@npm:2.0.3"
  checksum: 10/6ff05a7561f33603df87c45e389c9ac0a95e3c056be3da1a0c4702149e3a7f6fe5ffbb294478687ba51a9e95f3a60e8b6b9005993acd79c292c7d15f71964b6b
  languageName: node
  linkType: hard

"devlop@npm:^1.0.0, devlop@npm:^1.1.0":
  version: 1.1.0
  resolution: "devlop@npm:1.1.0"
  dependencies:
    dequal: "npm:^2.0.0"
  checksum: 10/3cc5f903d02d279d6dc4aa71ab6ed9898b9f4d1f861cc5421ce7357893c21b9520de78afb203c92bd650a6977ad0ca98195453a0707a39958cf5fea3b0a8ddd8
  languageName: node
  linkType: hard

"emoji-regex@npm:^10.3.0":
  version: 10.6.0
  resolution: "emoji-regex@npm:10.6.0"
  checksum: 10/98cc0b0e1daed1ed25afbf69dcb921fee00f712f51aab93aa1547e4e4e8171725cc4f0098aaa645b4f611a19da11ec9f4623eb6ff2b72314b39a8f2ae7c12bf2
  languageName: node
  linkType: hard

"escalade@npm:^3.1.1":
  version: 3.1.1
  resolution: "escalade@npm:3.1.1"
  checksum: 10/afa618e73362576b63f6ca83c975456621095a1ed42ff068174e3f5cea48afc422814dda548c96e6ebb5333e7265140c7292abcc81bbd6ccb1757d50d3a4e182
  languageName: node
  linkType: hard

"escape-string-regexp@npm:^5.0.0":
  version: 5.0.0
  resolution: "escape-string-regexp@npm:5.0.0"
  checksum: 10/20daabe197f3cb198ec28546deebcf24b3dbb1a5a269184381b3116d12f0532e06007f4bc8da25669d6a7f8efb68db0758df4cd981f57bc5b57f521a3e12c59e
  languageName: node
  linkType: hard

"extend@npm:^3.0.0":
  version: 3.0.2
  resolution: "extend@npm:3.0.2"
  checksum: 10/59e89e2dc798ec0f54b36d82f32a27d5f6472c53974f61ca098db5d4648430b725387b53449a34df38fd0392045434426b012f302b3cc049a6500ccf82877e4e
  languageName: node
  linkType: hard

"get-caller-file@npm:^2.0.5":
  version: 2.0.5
  resolution: "get-caller-file@npm:2.0.5"
  checksum: 10/b9769a836d2a98c3ee734a88ba712e62703f1df31b94b784762c433c27a386dd6029ff55c2a920c392e33657d80191edbf18c61487e198844844516f843496b9
  languageName: node
  linkType: hard

"get-east-asian-width@npm:^1.0.0, get-east-asian-width@npm:^1.5.0":
  version: 1.6.0
  resolution: "get-east-asian-width@npm:1.6.0"
  checksum: 10/3e5370b5df1f0020db711d8a3f9ee2cbfc9c7542daa99a699e9d7b9acf66e7868b89084741565a45d30d80afedf6e1218e0fb8bef7a583924a449c2816777380
  languageName: node
  linkType: hard

"is-plain-obj@npm:^4.0.0":
  version: 4.1.0
  resolution: "is-plain-obj@npm:4.1.0"
  checksum: 10/6dc45da70d04a81f35c9310971e78a6a3c7a63547ef782e3a07ee3674695081b6ca4e977fbb8efc48dae3375e0b34558d2bcd722aec9bddfa2d7db5b041be8ce
  languageName: node
  linkType: hard

"longest-streak@npm:^3.0.0":
  version: 3.1.0
  resolution: "longest-streak@npm:3.1.0"
  checksum: 10/d7f952ed004cbdb5c8bcfc4f7f5c3d65449e6c5a9e9be4505a656e3df5a57ee125f284286b4bf8ecea0c21a7b3bf2b8f9001ad506c319b9815ad6a63a47d0fd0
  languageName: node
  linkType: hard

"markdown-table@npm:^3.0.0":
  version: 3.0.4
  resolution: "markdown-table@npm:3.0.4"
  checksum: 10/bc699819e6a15607e5def0f21aa862aa061cf1f49877baa93b0185574f6ab143591afe0e18b94d9b15ea80c6a693894150dbccfacf4f6767160dc32ae393dfe0
  languageName: node
  linkType: hard

"mdast-util-find-and-replace@npm:^3.0.0":
  version: 3.0.2
  resolution: "mdast-util-find-and-replace@npm:3.0.2"
  dependencies:
    "@types/mdast": "npm:^4.0.0"
    escape-string-regexp: "npm:^5.0.0"
    unist-util-is: "npm:^6.0.0"
    unist-util-visit-parents: "npm:^6.0.0"
  checksum: 10/446561aa950341ef6828069cef05566256cb6836b77ea498e648102411f96fdfa342c78b82c9d813b51a1dac80b030ce80c055e044bc285a3d52d8558fc3d65e
  languageName: node
  linkType: hard

"mdast-util-from-markdown@npm:^2.0.0":
  version: 2.0.3
  resolution: "mdast-util-from-markdown@npm:2.0.3"
  dependencies:
    "@types/mdast": "npm:^4.0.0"
    "@types/unist": "npm:^3.0.0"
    decode-named-character-reference: "npm:^1.0.0"
    devlop: "npm:^1.0.0"
    mdast-util-to-string: "npm:^4.0.0"
    micromark: "npm:^4.0.0"
    micromark-util-decode-numeric-character-reference: "npm:^2.0.0"
    micromark-util-decode-string: "npm:^2.0.0"
    micromark-util-normalize-identifier: "npm:^2.0.0"
    micromark-util-symbol: "npm:^2.0.0"
    micromark-util-types: "npm:^2.0.0"
    unist-util-stringify-position: "npm:^4.0.0"
  checksum: 10/96f2bfb3b240c3d20a57db5d215faed795abf495c65ca2a4d61c0cf796011bc980619aa032d7984b05b67c15edc0eccd12a004a848952d3a598d108cf14901ab
  languageName: node
  linkType: hard

"mdast-util-gfm-autolink-literal@npm:^2.0.0":
  version: 2.0.1
  resolution: "mdast-util-gfm-autolink-literal@npm:2.0.1"
  dependencies:
    "@types/mdast": "npm:^4.0.0"
    ccount: "npm:^2.0.0"
    devlop: "npm:^1.0.0"
    mdast-util-find-and-replace: "npm:^3.0.0"
    micromark-util-character: "npm:^2.0.0"
  checksum: 10/d933b42feb126bd094d4be4a4955326c4a9e727a5d0dbe3c824534a19d831996fcf16f67df3dd29550a7d2ac4ac568c80485bee380151ebb42c62848ab20dfa6
  languageName: node
  linkType: hard

"mdast-util-gfm-footnote@npm:^2.0.0":
  version: 2.1.0
  resolution: "mdast-util-gfm-footnote@npm:2.1.0"
  dependencies:
    "@types/mdast": "npm:^4.0.0"
    devlop: "npm:^1.1.0"
    mdast-util-from-markdown: "npm:^2.0.0"
    mdast-util-to-markdown: "npm:^2.0.0"
    micromark-util-normalize-identifier: "npm:^2.0.0"
  checksum: 10/5fac0f64d1233f7c533c2bb99a95c56f8f5dab553ae3a83f87c1fd6e4f28e0050e3240ae32ba77b4f5df0b84404932c66fd00c852a0925059bfa5d876f155854
  languageName: node
  linkType: hard

"mdast-util-gfm-strikethrough@npm:^2.0.0":
  version: 2.0.1
  resolution: "mdast-util-gfm-strikethrough@npm:2.0.1"
  dependencies:
    "@types/mdast": "npm:^4.0.0"
    mdast-util-from-markdown: "npm:^2.0.0"
    mdast-util-to-markdown: "npm:^2.0.0"
  checksum: 10/8949dfda8646eeb0326c515347f119a3f805f3e4f890b4ad6392cd0a3b28587aadacd7ab1fdab0d4ea0e65d4be382def14e9cccde8dc224208f880e6e63013d5
  languageName: node
  linkType: hard

"mdast-util-gfm-table@npm:^2.0.0":
  version: 2.0.0
  resolution: "mdast-util-gfm-table@npm:2.0.0"
  dependencies:
    "@types/mdast": "npm:^4.0.0"
    devlop: "npm:^1.0.0"
    markdown-table: "npm:^3.0.0"
    mdast-util-from-markdown: "npm:^2.0.0"
    mdast-util-to-markdown: "npm:^2.0.0"
  checksum: 10/a043d60d723a86f79c49cbdd1d98b80c89f4a8f9f5fa84b3880c53e132f40150972460aba9be1f44a612ef5abd6810d122c5e7e5d9c54f3ac7560cce8c305c75
  languageName: node
  linkType: hard

"mdast-util-gfm-task-list-item@npm:^2.0.0":
  version: 2.0.0
  resolution: "mdast-util-gfm-task-list-item@npm:2.0.0"
  dependencies:
    "@types/mdast": "npm:^4.0.0"
    devlop: "npm:^1.0.0"
    mdast-util-from-markdown: "npm:^2.0.0"
    mdast-util-to-markdown: "npm:^2.0.0"
  checksum: 10/679a3ff09b52015c0088cd0616ccecc7cc9d250d56a8762aafdffc640f3f607bbd9fe047d3e7e7078e6a996e83f677be3bfcad7ac7260563825fa80a04f8e09d
  languageName: node
  linkType: hard

"mdast-util-gfm@npm:^3.0.0":
  version: 3.1.0
  resolution: "mdast-util-gfm@npm:3.1.0"
  dependencies:
    mdast-util-from-markdown: "npm:^2.0.0"
    mdast-util-gfm-autolink-literal: "npm:^2.0.0"
    mdast-util-gfm-footnote: "npm:^2.0.0"
    mdast-util-gfm-strikethrough: "npm:^2.0.0"
    mdast-util-gfm-table: "npm:^2.0.0"
    mdast-util-gfm-task-list-item: "npm:^2.0.0"
    mdast-util-to-markdown: "npm:^2.0.0"
  checksum: 10/d66809a07000ee63661ae9044f550989d96101e3c11557a84e12038ed28490667244432dbb1f8b7d9ebb4936cc8770d3de118aff85b7474f33693b4c07a1ffda
  languageName: node
  linkType: hard

"mdast-util-phrasing@npm:^4.0.0":
  version: 4.1.0
  resolution: "mdast-util-phrasing@npm:4.1.0"
  dependencies:
    "@types/mdast": "npm:^4.0.0"
    unist-util-is: "npm:^6.0.0"
  checksum: 10/3a97533e8ad104a422f8bebb34b3dde4f17167b8ed3a721cf9263c7416bd3447d2364e6d012a594aada40cac9e949db28a060bb71a982231693609034ed5324e
  languageName: node
  linkType: hard

"mdast-util-to-markdown@npm:^2.0.0":
  version: 2.1.3
  resolution: "mdast-util-to-markdown@npm:2.1.3"
  dependencies:
    "@types/mdast": "npm:^4.0.0"
    "@types/unist": "npm:^3.0.0"
    longest-streak: "npm:^3.0.0"
    mdast-util-phrasing: "npm:^4.0.0"
    mdast-util-to-string: "npm:^4.0.0"
    micromark-util-character: "npm:^2.0.0"
    micromark-util-classify-character: "npm:^2.0.0"
    micromark-util-decode-string: "npm:^2.0.0"
    micromark-util-html-tag-name: "npm:^2.0.0"
    unist-util-visit: "npm:^5.0.0"
    zwitch: "npm:^2.0.0"
  checksum: 10/a372676688b53be63108f4d03ab4972ab3de144a654df54336db191cc70c4fe14c93b6ba7b1865dfd443dda8b863b610c080017bcfcd25a824429e5c858d4cc2
  languageName: node
  linkType: hard

"mdast-util-to-string@npm:^4.0.0":
  version: 4.0.0
  resolution: "mdast-util-to-string@npm:4.0.0"
  dependencies:
    "@types/mdast": "npm:^4.0.0"
  checksum: 10/f4a5dbb9ea03521d7d3e26a9ba5652a1d6fbd55706dddd2155427517085688830e0ecd3f12418cfd40892640886eb39a4034c3c967d85e01e2fa64cfb53cff05
  languageName: node
  linkType: hard

"micromark-core-commonmark@npm:^2.0.0":
  version: 2.0.4
  resolution: "micromark-core-commonmark@npm:2.0.4"
  dependencies:
    decode-named-character-reference: "npm:^1.0.0"
    devlop: "npm:^1.0.0"
    micromark-factory-destination: "npm:^2.0.0"
    micromark-factory-label: "npm:^2.0.0"
    micromark-factory-space: "npm:^2.1.0"
    micromark-factory-title: "npm:^2.0.0"
    micromark-factory-whitespace: "npm:^2.0.0"
    micromark-util-character: "npm:^2.0.0"
    micromark-util-chunked: "npm:^2.0.0"
    micromark-util-classify-character: "npm:^2.0.0"
    micromark-util-edit-map: "npm:^1.0.0"
    micromark-util-html-tag-name: "npm:^2.0.0"
    micromark-util-normalize-identifier: "npm:^2.0.0"
    micromark-util-resolve-all: "npm:^2.0.0"
    micromark-util-subtokenize: "npm:^2.0.0"
    micromark-util-symbol: "npm:^2.0.0"
    micromark-util-types: "npm:^2.0.3"
  checksum: 10/722b9167df5c922af059b1836d4160b2bf7228933e42a7c5e08e78f3b4500985f0b2cc12c05b883c57ef94adbd2bd1cf3670b9ce5b1ff1dea5abe1ada51d5be2
  languageName: node
  linkType: hard

"micromark-extension-gfm-autolink-literal@npm:^2.0.0":
  version: 2.1.0
  resolution: "micromark-extension-gfm-autolink-literal@npm:2.1.0"
  dependencies:
    micromark-util-character: "npm:^2.0.0"
    micromark-util-sanitize-uri: "npm:^2.0.0"
    micromark-util-symbol: "npm:^2.0.0"
    micromark-util-types: "npm:^2.0.0"
  checksum: 10/933b9b96ca62cd50732d9e58ae90ba446f4314e0ecbff3127e9aae430d9a295346f88fb33b5532acaf648d659b0db92e0c00c2e9f504c0d7b8bb4553318cac50
  languageName: node
  linkType: hard

"micromark-extension-gfm-footnote@npm:^2.0.0":
  version: 2.1.0
  resolution: "micromark-extension-gfm-footnote@npm:2.1.0"
  dependencies:
    devlop: "npm:^1.0.0"
    micromark-core-commonmark: "npm:^2.0.0"
    micromark-factory-space: "npm:^2.0.0"
    micromark-util-character: "npm:^2.0.0"
    micromark-util-normalize-identifier: "npm:^2.0.0"
    micromark-util-sanitize-uri: "npm:^2.0.0"
    micromark-util-symbol: "npm:^2.0.0"
    micromark-util-types: "npm:^2.0.0"
  checksum: 10/7e019414e31ab53c49c909b7068adbbcb1726433fce82bf735219276fe6e00a42b66288acb5c8831f80e77480fac34880eeeb60b1dc09d5885862b31db4b9ea2
  languageName: node
  linkType: hard

"micromark-extension-gfm-strikethrough@npm:^2.0.0":
  version: 2.1.0
  resolution: "micromark-extension-gfm-strikethrough@npm:2.1.0"
  dependencies:
    devlop: "npm:^1.0.0"
    micromark-util-chunked: "npm:^2.0.0"
    micromark-util-classify-character: "npm:^2.0.0"
    micromark-util-resolve-all: "npm:^2.0.0"
    micromark-util-symbol: "npm:^2.0.0"
    micromark-util-types: "npm:^2.0.0"
  checksum: 10/eaf2c7b1e3eb2a7d7f405e8abe561be083cc52b8e027225ed286490939f527d18c120df59c8d8e17fdcf284f8d014502bf3db45d8e36e3109457ece8fb1db29b
  languageName: node
  linkType: hard

"micromark-extension-gfm-table@npm:^2.0.0":
  version: 2.1.2
  resolution: "micromark-extension-gfm-table@npm:2.1.2"
  dependencies:
    devlop: "npm:^1.0.0"
    micromark-factory-space: "npm:^2.0.0"
    micromark-util-character: "npm:^2.0.0"
    micromark-util-symbol: "npm:^2.0.0"
    micromark-util-types: "npm:^2.0.0"
  checksum: 10/6cc65a8405a739955da673fd690aace33934ce9776f38390153dbfd4213aa556d679e52ed0e435f5a57ded7f978722c8cca1c2c3a47f197f584ebb9cb02548fb
  languageName: node
  linkType: hard

"micromark-extension-gfm-tagfilter@npm:^2.0.0":
  version: 2.0.0
  resolution: "micromark-extension-gfm-tagfilter@npm:2.0.0"
  dependencies:
    micromark-util-types: "npm:^2.0.0"
  checksum: 10/c5e3f8cdf22e184de3f55968e6b010876a100dff31f509b7d2975f2b981a7fdda6c2d9e452238b9fe54dc51f5d7b069e86de509d421d4efbdfc9194749b3f132
  languageName: node
  linkType: hard

"micromark-extension-gfm-task-list-item@npm:^2.0.0":
  version: 2.1.0
  resolution: "micromark-extension-gfm-task-list-item@npm:2.1.0"
  dependencies:
    devlop: "npm:^1.0.0"
    micromark-factory-space: "npm:^2.0.0"
    micromark-util-character: "npm:^2.0.0"
    micromark-util-symbol: "npm:^2.0.0"
    micromark-util-types: "npm:^2.0.0"
  checksum: 10/c5f72929f0dca77df01442b721356624de6657364e2264ef50fc7226305976f302a49b670836f9494ce70a9b0335d974b5ef8e6457553c4c200bfc06d6951964
  languageName: node
  linkType: hard

"micromark-extension-gfm@npm:^3.0.0":
  version: 3.0.0
  resolution: "micromark-extension-gfm@npm:3.0.0"
  dependencies:
    micromark-extension-gfm-autolink-literal: "npm:^2.0.0"
    micromark-extension-gfm-footnote: "npm:^2.0.0"
    micromark-extension-gfm-strikethrough: "npm:^2.0.0"
    micromark-extension-gfm-table: "npm:^2.0.0"
    micromark-extension-gfm-tagfilter: "npm:^2.0.0"
    micromark-extension-gfm-task-list-item: "npm:^2.0.0"
    micromark-util-combine-extensions: "npm:^2.0.0"
    micromark-util-types: "npm:^2.0.0"
  checksum: 10/8493d1041756bf21f9421fa6d357056bff6112aeccebc20595604686cdd908a6816765de297206457ae4c00f85fc58672bdbcbbc36820c25d561b1737af89055
  languageName: node
  linkType: hard

"micromark-factory-destination@npm:^2.0.0":
  version: 2.0.1
  resolution: "micromark-factory-destination@npm:2.0.1"
  dependencies:
    micromark-util-character: "npm:^2.0.0"
    micromark-util-symbol: "npm:^2.0.0"
    micromark-util-types: "npm:^2.0.0"
  checksum: 10/9c4baa9ca2ed43c061bbf40ddd3d85154c2a0f1f485de9dea41d7dd2ad994ebb02034a003b2c1dbe228ba83a0576d591f0e90e0bf978713f84ee7d7f3aa98320
  languageName: node
  linkType: hard

"micromark-factory-label@npm:^2.0.0":
  version: 2.0.1
  resolution: "micromark-factory-label@npm:2.0.1"
  dependencies:
    devlop: "npm:^1.0.0"
    micromark-util-character: "npm:^2.0.0"
    micromark-util-symbol: "npm:^2.0.0"
    micromark-util-types: "npm:^2.0.0"
  checksum: 10/bd03f5a75f27cdbf03b894ddc5c4480fc0763061fecf9eb927d6429233c930394f223969a99472df142d570c831236134de3dc23245d23d9f046f9d0b623b5c2
  languageName: node
  linkType: hard

"micromark-factory-space@npm:^2.0.0, micromark-factory-space@npm:^2.1.0":
  version: 2.1.0
  resolution: "micromark-factory-space@npm:2.1.0"
  dependencies:
    micromark-util-character: "npm:^2.0.0"
    micromark-util-types: "npm:^2.0.0"
  checksum: 10/55d9c3c14bb79d6d205a8c15078f77806419b534c96590ba9add3b7997248366a4d18212ea7e5dd6cd6782020b88bb9716c2b50144ec0e78912448cea4013843
  languageName: node
  linkType: hard

"micromark-factory-title@npm:^2.0.0":
  version: 2.0.1
  resolution: "micromark-factory-title@npm:2.0.1"
  dependencies:
    micromark-factory-space: "npm:^2.0.0"
    micromark-util-character: "npm:^2.0.0"
    micromark-util-symbol: "npm:^2.0.0"
    micromark-util-types: "npm:^2.0.0"
  checksum: 10/b4d2e4850a8ba0dff25ce54e55a3eb0d43dda88a16293f53953153288f9d84bcdfa8ca4606b2cfbb4f132ea79587bbb478a73092a349f893f5264fbcdbce2ee1
  languageName: node
  linkType: hard

"micromark-factory-whitespace@npm:^2.0.0":
  version: 2.0.1
  resolution: "micromark-factory-whitespace@npm:2.0.1"
  dependencies:
    micromark-factory-space: "npm:^2.0.0"
    micromark-util-character: "npm:^2.0.0"
    micromark-util-symbol: "npm:^2.0.0"
    micromark-util-types: "npm:^2.0.0"
  checksum: 10/67b3944d012a42fee9e10e99178254a04d48af762b54c10a50fcab988688799993efb038daf9f5dbc04001a97b9c1b673fc6f00e6a56997877ab25449f0c8650
  languageName: node
  linkType: hard

"micromark-util-character@npm:^2.0.0":
  version: 2.1.1
  resolution: "micromark-util-character@npm:2.1.1"
  dependencies:
    micromark-util-symbol: "npm:^2.0.0"
    micromark-util-types: "npm:^2.0.0"
  checksum: 10/85da8f8e5f7ed16046575bef5b0964ca3fca3162b87b74ae279f1e48eb7160891313eb64f04606baed81c58b514dbdb64f1a9d110a51baaaa79225d72a7b1852
  languageName: node
  linkType: hard

"micromark-util-chunked@npm:^2.0.0":
  version: 2.0.1
  resolution: "micromark-util-chunked@npm:2.0.1"
  dependencies:
    micromark-util-symbol: "npm:^2.0.0"
  checksum: 10/f8cb2a67bcefe4bd2846d838c97b777101f0043b9f1de4f69baf3e26bb1f9885948444e3c3aec66db7595cad8173bd4567a000eb933576c233d54631f6323fe4
  languageName: node
  linkType: hard

"micromark-util-classify-character@npm:^2.0.0":
  version: 2.0.1
  resolution: "micromark-util-classify-character@npm:2.0.1"
  dependencies:
    micromark-util-character: "npm:^2.0.0"
    micromark-util-symbol: "npm:^2.0.0"
    micromark-util-types: "npm:^2.0.0"
  checksum: 10/4d8bbe3a6dbf69ac0fc43516866b5bab019fe3f4568edc525d4feaaaf78423fa54e6b6732b5bccbeed924455279a3758ffc9556954aafb903982598a95a02704
  languageName: node
  linkType: hard

"micromark-util-combine-extensions@npm:^2.0.0":
  version: 2.0.1
  resolution: "micromark-util-combine-extensions@npm:2.0.1"
  dependencies:
    micromark-util-chunked: "npm:^2.0.0"
    micromark-util-types: "npm:^2.0.0"
  checksum: 10/5d22fb9ee37e8143adfe128a72b50fa09568c2cc553b3c76160486c96dbbb298c5802a177a10a215144a604b381796071b5d35be1f2c2b2ee17995eda92f0c8e
  languageName: node
  linkType: hard

"micromark-util-decode-numeric-character-reference@npm:^2.0.0":
  version: 2.0.2
  resolution: "micromark-util-decode-numeric-character-reference@npm:2.0.2"
  dependencies:
    micromark-util-symbol: "npm:^2.0.0"
  checksum: 10/ee11c8bde51e250e302050474c4a2adca094bca05c69f6cdd241af12df285c48c88d19ee6e022b9728281c280be16328904adca994605680c43af56019f4b0b6
  languageName: node
  linkType: hard

"micromark-util-decode-string@npm:^2.0.0":
  version: 2.0.1
  resolution: "micromark-util-decode-string@npm:2.0.1"
  dependencies:
    decode-named-character-reference: "npm:^1.0.0"
    micromark-util-character: "npm:^2.0.0"
    micromark-util-decode-numeric-character-reference: "npm:^2.0.0"
    micromark-util-symbol: "npm:^2.0.0"
  checksum: 10/2f517e4c613609445db4b9a17f8c77832f55fb341620a8fd598f083c1227027485d601c2021c2f8f9883210b8671e7b3990f0c6feeecd49a136475465808c380
  languageName: node
  linkType: hard

"micromark-util-edit-map@npm:^1.0.0":
  version: 1.0.0
  resolution: "micromark-util-edit-map@npm:1.0.0"
  dependencies:
    micromark-util-types: "npm:^2.0.0"
  checksum: 10/aff3c196cb15f54e017a5b5924cd651d670a679f9c44fb6ab2b6bfc6ee7ea4fb03465674b4bfef41d601baee7d4d6605605135f61e5588f914005f70e711412f
  languageName: node
  linkType: hard

"micromark-util-encode@npm:^2.0.0":
  version: 2.0.1
  resolution: "micromark-util-encode@npm:2.0.1"
  checksum: 10/be890b98e78dd0cdd953a313f4148c4692cc2fb05533e56fef5f421287d3c08feee38ca679f318e740530791fc251bfe8c80efa926fcceb4419b269c9343d226
  languageName: node
  linkType: hard

"micromark-util-html-tag-name@npm:^2.0.0":
  version: 2.0.1
  resolution: "micromark-util-html-tag-name@npm:2.0.1"
  checksum: 10/dea365f5ad28ad74ff29fcb581f7b74fc1f80271c5141b3b2bc91c454cbb6dfca753f28ae03730d657874fcbd89d0494d0e3965dfdca06d9855f467c576afa9d
  languageName: node
  linkType: hard

"micromark-util-normalize-identifier@npm:^2.0.0":
  version: 2.0.1
  resolution: "micromark-util-normalize-identifier@npm:2.0.1"
  dependencies:
    micromark-util-symbol: "npm:^2.0.0"
  checksum: 10/1eb9a289d7da067323df9fdc78bfa90ca3207ad8fd893ca02f3133e973adcb3743b233393d23d95c84ccaf5d220ae7f5a28402a644f135dcd4b8cfa60a7b5f84
  languageName: node
  linkType: hard

"micromark-util-resolve-all@npm:^2.0.0":
  version: 2.0.1
  resolution: "micromark-util-resolve-all@npm:2.0.1"
  dependencies:
    micromark-util-types: "npm:^2.0.0"
  checksum: 10/9275f3ddb6c26f254dd2158e66215d050454b279707a7d9ce5a3cd0eba23201021cedcb78ae1a746c1b23227dcc418ee40dd074ade195359506797a5493550cc
  languageName: node
  linkType: hard

"micromark-util-sanitize-uri@npm:^2.0.0":
  version: 2.0.1
  resolution: "micromark-util-sanitize-uri@npm:2.0.1"
  dependencies:
    micromark-util-character: "npm:^2.0.0"
    micromark-util-encode: "npm:^2.0.0"
    micromark-util-symbol: "npm:^2.0.0"
  checksum: 10/064c72abfc9777864ca0521a016dde62ab3e7af5215d10fd27e820798500d5d305da638459c589275c1a093cf588f493cc2f65273deac5a5331ecefc6c9ea78a
  languageName: node
  linkType: hard

"micromark-util-subtokenize@npm:^2.0.0":
  version: 2.1.0
  resolution: "micromark-util-subtokenize@npm:2.1.0"
  dependencies:
    devlop: "npm:^1.0.0"
    micromark-util-chunked: "npm:^2.0.0"
    micromark-util-symbol: "npm:^2.0.0"
    micromark-util-types: "npm:^2.0.0"
  checksum: 10/5f18c70cb952a414a4d161f5d6a5254d33c7dfcd56577e592ef2e172a0414058d3531a3554f43538f14e243592fffbc2e68ddaf6a41c54577b3ba7beb555d3dc
  languageName: node
  linkType: hard

"micromark-util-symbol@npm:^2.0.0":
  version: 2.0.1
  resolution: "micromark-util-symbol@npm:2.0.1"
  checksum: 10/497e6d95fc21c2bb5265b78a6a60db518c376dc438739b2e7d4aee6f9f165222711724b456c63163314f32b8eea68a064687711d41e986262926eab23ddb9229
  languageName: node
  linkType: hard

"micromark-util-types@npm:^2.0.0, micromark-util-types@npm:^2.0.3":
  version: 2.0.3
  resolution: "micromark-util-types@npm:2.0.3"
  checksum: 10/6e451c6d884669dba29395dbcd2c209801c5afa5b0e191d2a67846a4ed6e6efc9b775a92111056e5cfe98249cc49d7b82d71be9a10b5aee752902da1465d4841
  languageName: node
  linkType: hard

"micromark@npm:^4.0.0":
  version: 4.0.3
  resolution: "micromark@npm:4.0.3"
  dependencies:
    "@types/debug": "npm:^4.0.0"
    debug: "npm:^4.0.0"
    decode-named-character-reference: "npm:^1.0.0"
    devlop: "npm:^1.0.0"
    micromark-core-commonmark: "npm:^2.0.0"
    micromark-factory-space: "npm:^2.0.0"
    micromark-util-character: "npm:^2.0.0"
    micromark-util-chunked: "npm:^2.0.0"
    micromark-util-combine-extensions: "npm:^2.0.0"
    micromark-util-decode-numeric-character-reference: "npm:^2.0.0"
    micromark-util-edit-map: "npm:^1.0.0"
    micromark-util-encode: "npm:^2.0.0"
    micromark-util-normalize-identifier: "npm:^2.0.0"
    micromark-util-resolve-all: "npm:^2.0.0"
    micromark-util-sanitize-uri: "npm:^2.0.0"
    micromark-util-subtokenize: "npm:^2.0.0"
    micromark-util-symbol: "npm:^2.0.0"
    micromark-util-types: "npm:^2.0.0"
  checksum: 10/a6a309bc07fb63f974f8916e7723b1a3b810a8fd029a51ad8d364718151b9ad5124aebe768d4e37c5cf027ae9492a1de6df855021866e3cc40894d0d2d50070d
  languageName: node
  linkType: hard

"ms@npm:^2.1.3":
  version: 2.1.3
  resolution: "ms@npm:2.1.3"
  checksum: 10/aa92de608021b242401676e35cfa5aa42dd70cbdc082b916da7fb925c542173e36bce97ea3e804923fe92c0ad991434e4a38327e15a1b5b5f945d66df615ae6d
  languageName: node
  linkType: hard

"parse-diff@npm:0.11.1":
  version: 0.11.1
  resolution: "parse-diff@npm:0.11.1"
  checksum: 10/89f79f944544816c3a21ccf798ef950953c3fd4b0f15bfed2d204aaf9a43e26a18cbe817d81233c13b46587e2405bd0f2c779963c195aa14d052948729c4896c
  languageName: node
  linkType: hard

"prettier@npm:^3.9.6":
  version: 3.9.6
  resolution: "prettier@npm:3.9.6"
  bin:
    prettier: bin/prettier.cjs
  checksum: 10/1dd1a1e0e40ec3b91cda9d294c4a95022aef61880ca3f441aad99b1252279f58a766c4cece81132c01550dcff1fd445efbd8812ea4a2374313e7fc6c8136f11f
  languageName: node
  linkType: hard

"regenerator-runtime@npm:^0.14.0":
  version: 0.14.1
  resolution: "regenerator-runtime@npm:0.14.1"
  checksum: 10/5db3161abb311eef8c45bcf6565f4f378f785900ed3945acf740a9888c792f75b98ecb77f0775f3bf95502ff423529d23e94f41d80c8256e8fa05ed4b07cf471
  languageName: node
  linkType: hard

"remark-gfm@npm:^4.0.0":
  version: 4.0.1
  resolution: "remark-gfm@npm:4.0.1"
  dependencies:
    "@types/mdast": "npm:^4.0.0"
    mdast-util-gfm: "npm:^3.0.0"
    micromark-extension-gfm: "npm:^3.0.0"
    remark-parse: "npm:^11.0.0"
    remark-stringify: "npm:^11.0.0"
    unified: "npm:^11.0.0"
  checksum: 10/86899862cf4ae1466664d3f88c6113e30b5e84e35480aef4093890aed2297ab9872506ff1f614c63963bba7d075c326d0027a1591c11bb493f6776dad21b95f6
  languageName: node
  linkType: hard

"remark-parse@npm:^11.0.0":
  version: 11.0.0
  resolution: "remark-parse@npm:11.0.0"
  dependencies:
    "@types/mdast": "npm:^4.0.0"
    mdast-util-from-markdown: "npm:^2.0.0"
    micromark-util-types: "npm:^2.0.0"
    unified: "npm:^11.0.0"
  checksum: 10/59d584be56ebc7c05524989c4ed86eb8a7b6e361942b705ca13a37349f60740a6073aedf7783af46ce920d09dd156148942d5e33e8be3dbcd47f818cb4bc410c
  languageName: node
  linkType: hard

"remark-stringify@npm:^11.0.0":
  version: 11.0.0
  resolution: "remark-stringify@npm:11.0.0"
  dependencies:
    "@types/mdast": "npm:^4.0.0"
    mdast-util-to-markdown: "npm:^2.0.0"
    unified: "npm:^11.0.0"
  checksum: 10/32b2f6093ba08e713183629b37e633e0999b6981560eec41f04fe957f76fc6f56dcc14c87c6b45419863be844c6f1130eb2dc055085fc0adc0775b1df7340348
  languageName: node
  linkType: hard

"remark@npm:^15.0.1":
  version: 15.0.1
  resolution: "remark@npm:15.0.1"
  dependencies:
    "@types/mdast": "npm:^4.0.0"
    remark-parse: "npm:^11.0.0"
    remark-stringify: "npm:^11.0.0"
    unified: "npm:^11.0.0"
  checksum: 10/671eae3a4482377373cbbae956e2dbc0f8c40df1c3e5e2e1e82efa248b310ef5989340e1a5a8ebe94ff14fcf9c72612f40a29d002ffc0a465e3d6d50de973839
  languageName: node
  linkType: hard

"string-width@npm:^7.0.0, string-width@npm:^7.2.0":
  version: 7.2.0
  resolution: "string-width@npm:7.2.0"
  dependencies:
    emoji-regex: "npm:^10.3.0"
    get-east-asian-width: "npm:^1.0.0"
    strip-ansi: "npm:^7.1.0"
  checksum: 10/42f9e82f61314904a81393f6ef75b832c39f39761797250de68c041d8ba4df2ef80db49ab6cd3a292923a6f0f409b8c9980d120f7d32c820b4a8a84a2598a295
  languageName: node
  linkType: hard

"string-width@npm:^8.2.1":
  version: 8.2.2
  resolution: "string-width@npm:8.2.2"
  dependencies:
    get-east-asian-width: "npm:^1.5.0"
    strip-ansi: "npm:^7.1.2"
  checksum: 10/18da8c8e5247bedd8a379272b9fccebd16ec22132486344a4a5bf3bd2acf4b12fda9b2be9192eba59c5dc1484f2d36dbfb5fd5e66950fe7167fa00876078196f
  languageName: node
  linkType: hard

"strip-ansi@npm:^7.1.0, strip-ansi@npm:^7.1.2":
  version: 7.2.0
  resolution: "strip-ansi@npm:7.2.0"
  dependencies:
    ansi-regex: "npm:^6.2.2"
  checksum: 10/96da3bc6d73cfba1218625a3d66cf7d37a69bf0920d8735b28f9eeaafcdb6c1fe8440e1ae9eb1ba0ca355dbe8702da872e105e2e939fa93e7851b3cb5dd7d316
  languageName: node
  linkType: hard

"trough@npm:^2.0.0":
  version: 2.2.0
  resolution: "trough@npm:2.2.0"
  checksum: 10/999c1cb3db6ec63e1663f911146a90125065da37f66ba342b031d53edb22a62f56c1f934bbc61a55b2b29dd74207544cfd78875b414665c1ffadcd9a9a009eeb
  languageName: node
  linkType: hard

"typescript@npm:^5.9.3":
  version: 5.9.3
  resolution: "typescript@npm:5.9.3"
  bin:
    tsc: bin/tsc
    tsserver: bin/tsserver
  checksum: 10/c089d9d3da2729fd4ac517f9b0e0485914c4b3c26f80dc0cffcb5de1719a17951e92425d55db59515c1a7ddab65808466debb864d0d56dcf43f27007d0709594
  languageName: node
  linkType: hard

"typescript@patch:typescript@npm%3A^5.9.3#optional!builtin<compat/typescript>":
  version: 5.9.3
  resolution: "typescript@patch:typescript@npm%3A5.9.3#optional!builtin<compat/typescript>::version=5.9.3&hash=5786d5"
  bin:
    tsc: bin/tsc
    tsserver: bin/tsserver
  checksum: 10/696e1b017bc2635f4e0c94eb4435357701008e2f272f553d06e35b494b8ddc60aa221145e286c28ace0c89ee32827a28c2040e3a69bdc108b1a5dc8fb40b72e3
  languageName: node
  linkType: hard

"undici-types@npm:~5.26.4":
  version: 5.26.5
  resolution: "undici-types@npm:5.26.5"
  checksum: 10/0097779d94bc0fd26f0418b3a05472410408877279141ded2bd449167be1aed7ea5b76f756562cb3586a07f251b90799bab22d9019ceba49c037c76445f7cddd
  languageName: node
  linkType: hard

"unified@npm:^11.0.0":
  version: 11.0.5
  resolution: "unified@npm:11.0.5"
  dependencies:
    "@types/unist": "npm:^3.0.0"
    bail: "npm:^2.0.0"
    devlop: "npm:^1.0.0"
    extend: "npm:^3.0.0"
    is-plain-obj: "npm:^4.0.0"
    trough: "npm:^2.0.0"
    vfile: "npm:^6.0.0"
  checksum: 10/d9e6e88900a075f391b6bbf06f34062d41fa6257798110d1647753cfc2c6a6e2c1d016434e8ee35706c50485f9fb9ae4707a6a4790bd8dc461ec7e7315ed908b
  languageName: node
  linkType: hard

"unist-util-is@npm:^6.0.0":
  version: 6.0.1
  resolution: "unist-util-is@npm:6.0.1"
  dependencies:
    "@types/unist": "npm:^3.0.0"
  checksum: 10/dc3ebfb481f097863ae3674c440add6fe2d51a4cfcd565b13fb759c8a2eaefb71903a619b385e892c2ad6db6a5b60d068dfc5592b6dd57f4b60180082b3136d6
  languageName: node
  linkType: hard

"unist-util-stringify-position@npm:^4.0.0":
  version: 4.0.0
  resolution: "unist-util-stringify-position@npm:4.0.0"
  dependencies:
    "@types/unist": "npm:^3.0.0"
  checksum: 10/d15c88aca7a31902d95d5b5355bbe09583cf6f6ff6e59e134ef76c76d3c30bc1021f2d7ea5b7897c6d0858ed5f3770c1b19de9c78274f50d72f95a0d05f1af71
  languageName: node
  linkType: hard

"unist-util-visit-parents@npm:^6.0.0":
  version: 6.0.2
  resolution: "unist-util-visit-parents@npm:6.0.2"
  dependencies:
    "@types/unist": "npm:^3.0.0"
    unist-util-is: "npm:^6.0.0"
  checksum: 10/aa16e97e45bd1d641e1f933d2fb3bf0800865350eaeb5cc0317ab511075480fb4ac5e2a55f57dd72d27311e8ba29fd23908848bd83479849c626be1f7dabcae5
  languageName: node
  linkType: hard

"unist-util-visit@npm:^5.0.0":
  version: 5.1.0
  resolution: "unist-util-visit@npm:5.1.0"
  dependencies:
    "@types/unist": "npm:^3.0.0"
    unist-util-is: "npm:^6.0.0"
    unist-util-visit-parents: "npm:^6.0.0"
  checksum: 10/340fc1929062d21156200284105caad79cc188bd98f285b60aba887492a70e6e6cadbc7e383a68909c7e0fdd83f855cb9f4184ad8e5aa153eb2d810445aea8e5
  languageName: node
  linkType: hard

"vfile-message@npm:^4.0.0":
  version: 4.0.3
  resolution: "vfile-message@npm:4.0.3"
  dependencies:
    "@types/unist": "npm:^3.0.0"
    unist-util-stringify-position: "npm:^4.0.0"
  checksum: 10/7ba3dbeb752722a7913de8ea77c56be58cf805b5e5ccff090b2c4f8a82a32d91e058acb94d1614a40aa28191a5db99fb64014c7dfcad73d982f5d9d6702d2277
  languageName: node
  linkType: hard

"vfile@npm:^6.0.0":
  version: 6.0.3
  resolution: "vfile@npm:6.0.3"
  dependencies:
    "@types/unist": "npm:^3.0.0"
    vfile-message: "npm:^4.0.0"
  checksum: 10/a5a85293c9eb8787aa42e180edaef00c13199a493d6ed82fecf13ab29a68526850788e22434d77808ea6b17a74e03ff899b9b4711df5b9eee75afcddd7c2e1fb
  languageName: node
  linkType: hard

"wgutils@workspace:.":
  version: 0.0.0-use.local
  resolution: "wgutils@workspace:."
  dependencies:
    "@tsconfig/node-ts": "npm:^23.6.4"
    "@tsconfig/node24": "npm:^24.0.5"
    "@types/node": "npm:^20.11.0"
    "@types/yargs": "npm:^17.0.35"
    date-fns: "npm:^2"
    date-fns-tz: "npm:^2.0.0"
    parse-diff: "npm:0.11.1"
    prettier: "npm:^3.9.6"
    remark: "npm:^15.0.1"
    remark-gfm: "npm:^4.0.0"
    typescript: "npm:^5.9.3"
    yargs: "npm:^18.1.0"
    zod: "npm:^3.22.4"
  bin:
    wgutils: dist/cli.js
  languageName: unknown
  linkType: soft

"wrap-ansi@npm:^9.0.0":
  version: 9.0.2
  resolution: "wrap-ansi@npm:9.0.2"
  dependencies:
    ansi-styles: "npm:^6.2.1"
    string-width: "npm:^7.0.0"
    strip-ansi: "npm:^7.1.0"
  checksum: 10/f3907e1ea9717404ca53a338fa5a017c2121550c3a5305180e2bc08c03e21aa45068df55b0d7676bf57be1880ba51a84458c17241ebedea485fafa9ef16b4024
  languageName: node
  linkType: hard

"y18n@npm:^5.0.5":
  version: 5.0.8
  resolution: "y18n@npm:5.0.8"
  checksum: 10/5f1b5f95e3775de4514edbb142398a2c37849ccfaf04a015be5d75521e9629d3be29bd4432d23c57f37e5b61ade592fb0197022e9993f81a06a5afbdcda9346d
  languageName: node
  linkType: hard

"yargs-parser@npm:^22.0.0":
  version: 22.0.0
  resolution: "yargs-parser@npm:22.0.0"
  checksum: 10/f13c42bad6ebed1a587a72f2db5694f5fa772bcaf409a701691d13cf74eb5adfcf61a2611de08807e319b829d3e5e6e1578b16ebe174cae8e8be3bf7b8e7a19e
  languageName: node
  linkType: hard

"yargs@npm:^18.1.0":
  version: 18.1.0
  resolution: "yargs@npm:18.1.0"
  dependencies:
    cliui: "npm:^9.0.1"
    escalade: "npm:^3.1.1"
    get-caller-file: "npm:^2.0.5"
    string-width: "npm:^8.2.1"
    y18n: "npm:^5.0.5"
    yargs-parser: "npm:^22.0.0"
  checksum: 10/b26d477c3f62b0a031d8f3fea16325e286375e6039e5fca5efb1ec1d64eab3cfe136edb2887e4f2e2c9a5e004d0eca735079ea0be4ca34273c6e949639c6177b
  languageName: node
  linkType: hard

"zod@npm:^3.22.4":
  version: 3.22.4
  resolution: "zod@npm:3.22.4"
  checksum: 10/73622ca36a916f785cf528fe612a884b3e0f183dbe6b33365a7d0fc92abdbedf7804c5e2bd8df0a278e1472106d46674281397a3dd800fa9031dc3429758c6ac
  languageName: node
  linkType: hard

"zwitch@npm:^2.0.0":
  version: 2.0.4
  resolution: "zwitch@npm:2.0.4"
  checksum: 10/f22ec5fc2d5f02c423c93d35cdfa83573a3a3bd98c66b927c368ea4d0e7252a500df2a90a6b45522be536a96a73404393c958e945fdba95e6832c200791702b6
  languageName: node
  linkType: hard
